
Microsoft Visual Studio Solution File, Format Version 12.00
Project("{FAE04EC0-301F-11D3-BF4B-00C04F79EFBC}") = "MentorshipTodo", "MentorshipTodo\MentorshipTodo.csproj", "{6BF385C0-2C8F-4E00-A1F0-C8317C42EE4B}"
EndProject
Project("{FAE04EC0-301F-11D3-BF4B-00C04F79EFBC}") = "MentorshipTodo.Communication", "MentorshipTodo.Communication\MentorshipTodo.Communication.csproj", "{BEFAF224-A086-43A5-AFB6-E7D2AB8922D3}"
EndProject
Project("{FAE04EC0-301F-11D3-BF4B-00C04F79EFBC}") = "MentorshipTodo.Exceptions", "MentorshipTodo.Exceptions\MentorshipTodo.Exceptions.csproj", "{B7236FBD-0467-4A8E-B10D-D9B7BAB0FBB7}"
EndProject
Project("{FAE04EC0-301F-11D3-BF4B-00C04F79EFBC}") = "MentorshipTodo.HelloWorld", "MentorshipTodo.HelloWorld\MentorshipTodo.HelloWorld.csproj", "{57DBED0D-5B23-4DE6-9234-3875412A7D12}"
EndProject
Project("{FAE04EC0-301F-11D3-BF4B-00C04F79EFBC}") = "MentorshipTodo.HelloWorldEx", "MentorshipTodo.HelloWorldEx\MentorshipTodo.HelloWorldEx.csproj", "{98E09022-3A8B-41C0-A250-78887AFAC699}"
EndProject
Global
	GlobalSection(SolutionConfigurationPlatforms) = preSolution
		Debug|Any CPU = Debug|Any CPU
		Release|Any CPU = Release|Any CPU
	EndGlobalSection
	GlobalSection(ProjectConfigurationPlatforms) = postSolution
		{6BF385C0-2C8F-4E00-A1F0-C8317C42EE4B}.Debug|Any CPU.ActiveCfg = Debug|Any CPU
		{6BF385C0-2C8F-4E00-A1F0-C8317C42EE4B}.Debug|Any CPU.Build.0 = Debug|Any CPU
		{6BF385C0-2C8F-4E00-A1F0-C8317C42EE4B}.Release|Any CPU.ActiveCfg = Release|Any CPU
		{6BF385C0-2C8F-4E00-A1F0-C8317C42EE4B}.Release|Any CPU.Build.0 = Release|Any CPU
		{BEFAF224-A086-43A5-AFB6-E7D2AB8922D3}.Debug|Any CPU.ActiveCfg = Debug|Any CPU
		{BEFAF224-A086-43A5-AFB6-E7D2AB8922D3}.Debug|Any CPU.Build.0 = Debug|Any CPU
		{BEFAF224-A086-43A5-AFB6-E7D2AB8922D3}.Release|Any CPU.ActiveCfg = Release|Any CPU
		{BEFAF224-A086-43A5-AFB6-E7D2AB8922D3}.Release|Any CPU.Build.0 = Release|Any CPU
		{B7236FBD-0467-4A8E-B10D-D9B7BAB0FBB7}.Debug|Any CPU.ActiveCfg = Debug|Any CPU
		{B7236FBD-0467-4A8E-B10D-D9B7BAB0FBB7}.Debug|Any CPU.Build.0 = Debug|Any CPU
		{B7236FBD-0467-4A8E-B10D-D9B7BAB0FBB7}.Release|Any CPU.ActiveCfg = Release|Any CPU
		{B7236FBD-0467-4A8E-B10D-D9B7BAB0FBB7}.Release|Any CPU.Build.0 = Release|Any CPU
		{57DBED0D-5B23-4DE6-9234-3875412A7D12}.Debug|Any CPU.ActiveCfg = Debug|Any CPU
		{57DBED0D-5B23-4DE6-9234-3875412A7D12}.Debug|Any CPU.Build.0 = Debug|Any CPU
		{57DBED0D-5B23-4DE6-9234-3875412A7D12}.Release|Any CPU.ActiveCfg = Release|Any CPU
		{57DBED0D-5B23-4DE6-9234-3875412A7D12}.Release|Any CPU.Build.0 = Release|Any CPU
		{98E09022-3A8B-41C0-A250-78887AFAC699}.Debug|Any CPU.ActiveCfg = Debug|Any CPU
		{98E09022-3A8B-41C0-A250-78887AFAC699}.Debug|Any CPU.Build.0 = Debug|Any CPU
		{98E09022-3A8B-41C0-A250-78887AFAC699}.Release|Any CPU.ActiveCfg = Release|Any CPU
		{98E09022-3A8B-41C0-A250-78887AFAC699}.Release|Any CPU.Build.0 = Release|Any CPU
	EndGlobalSection
EndGlobal
